{
    "version": 3,
    "terraform_version": "0.11.10",
    "serial": 2,
    "lineage": "0743e33b-53fb-4f57-84be-47ce5ec40dbd",
    "modules": [
        {
            "path": [
                "root"
            ],
            "outputs": {
                "public-ip-address": {
                    "sensitive": false,
                    "type": "list",
                    "value": [
                        "35.166.53.89",
                        "34.221.70.188"
                    ]
                }
            },
            "resources": {},
            "depends_on": []
        },
        {
            "path": [
                "root",
                "compute"
            ],
            "outputs": {
                "public-ip": {
                    "sensitive": false,
                    "type": "list",
                    "value": [
                        "35.166.53.89",
                        "34.221.70.188"
                    ]
                }
            },
            "resources": {
                "aws_instance.tf_server.0": {
                    "type": "aws_instance",
                    "depends_on": [
                        "data.aws_ami.server_ami",
                        "data.template_file.user-init.*"
                    ],
                    "primary": {
                        "id": "i-0c019c9c189dad50c",
                        "attributes": {
                            "ami": "ami-01e24be29428c15b2",
                            "arn": "arn:aws:ec2:us-west-2:753646501470:instance/i-0c019c9c189dad50c",
                            "associate_public_ip_address": "true",
                            "availability_zone": "us-west-2a",
                            "cpu_core_count": "1",
                            "cpu_threads_per_core": "1",
                            "credit_specification.#": "1",
                            "credit_specification.0.cpu_credits": "standard",
                            "disable_api_termination": "false",
                            "ebs_block_device.#": "0",
                            "ebs_optimized": "false",
                            "ephemeral_block_device.#": "0",
                            "get_password_data": "false",
                            "iam_instance_profile": "",
                            "id": "i-0c019c9c189dad50c",
                            "instance_state": "running",
                            "instance_type": "t2.micro",
                            "ipv6_addresses.#": "0",
                            "key_name": "dohoney-se-demos-west",
                            "monitoring": "false",
                            "network_interface.#": "0",
                            "password_data": "",
                            "placement_group": "",
                            "primary_network_interface_id": "eni-01071a968085e70c7",
                            "private_dns": "ip-10-123-1-49.us-west-2.compute.internal",
                            "private_ip": "10.123.1.49",
                            "public_dns": "ec2-35-166-53-89.us-west-2.compute.amazonaws.com",
                            "public_ip": "35.166.53.89",
                            "root_block_device.#": "1",
                            "root_block_device.0.delete_on_termination": "true",
                            "root_block_device.0.iops": "100",
                            "root_block_device.0.volume_id": "vol-02613210bf852862c",
                            "root_block_device.0.volume_size": "8",
                            "root_block_device.0.volume_type": "gp2",
                            "security_groups.#": "0",
                            "source_dest_check": "true",
                            "subnet_id": "subnet-018c26a63b55c7308",
                            "tags.%": "2",
                            "tags.Name": "tf_server-1",
                            "tags.Owner": "Owner-Tag-1",
                            "tenancy": "default",
                            "user_data": "aeb2cd744e1c1744c52528ee2e25ffa35f2cc4f9",
                            "volume_tags.%": "0",
                            "vpc_security_group_ids.#": "1",
                            "vpc_security_group_ids.3582271853": "sg-0ce57144b39df7c64"
                        },
                        "meta": {
                            "e2bfb730-ecaa-11e6-8f88-34363bc7c4c0": {
                                "create": 600000000000,
                                "delete": 1200000000000,
                                "update": 600000000000
                            },
                            "schema_version": "1"
                        },
                        "tainted": false
                    },
                    "deposed": [],
                    "provider": "provider.aws"
                },
                "aws_instance.tf_server.1": {
                    "type": "aws_instance",
                    "depends_on": [
                        "data.aws_ami.server_ami",
                        "data.template_file.user-init.*"
                    ],
                    "primary": {
                        "id": "i-0951e143e687a86a1",
                        "attributes": {
                            "ami": "ami-01e24be29428c15b2",
                            "arn": "arn:aws:ec2:us-west-2:753646501470:instance/i-0951e143e687a86a1",
                            "associate_public_ip_address": "true",
                            "availability_zone": "us-west-2b",
                            "cpu_core_count": "1",
                            "cpu_threads_per_core": "1",
                            "credit_specification.#": "1",
                            "credit_specification.0.cpu_credits": "standard",
                            "disable_api_termination": "false",
                            "ebs_block_device.#": "0",
                            "ebs_optimized": "false",
                            "ephemeral_block_device.#": "0",
                            "get_password_data": "false",
                            "iam_instance_profile": "",
                            "id": "i-0951e143e687a86a1",
                            "instance_state": "running",
                            "instance_type": "t2.micro",
                            "ipv6_addresses.#": "0",
                            "key_name": "dohoney-se-demos-west",
                            "monitoring": "false",
                            "network_interface.#": "0",
                            "password_data": "",
                            "placement_group": "",
                            "primary_network_interface_id": "eni-05faec3650bbacc84",
                            "private_dns": "ip-10-123-2-83.us-west-2.compute.internal",
                            "private_ip": "10.123.2.83",
                            "public_dns": "ec2-34-221-70-188.us-west-2.compute.amazonaws.com",
                            "public_ip": "34.221.70.188",
                            "root_block_device.#": "1",
                            "root_block_device.0.delete_on_termination": "true",
                            "root_block_device.0.iops": "100",
                            "root_block_device.0.volume_id": "vol-0ffae8376ebae7589",
                            "root_block_device.0.volume_size": "8",
                            "root_block_device.0.volume_type": "gp2",
                            "security_groups.#": "0",
                            "source_dest_check": "true",
                            "subnet_id": "subnet-02705b5b0460df22a",
                            "tags.%": "2",
                            "tags.Name": "tf_server-2",
                            "tags.Owner": "Owner-Tag-2",
                            "tenancy": "default",
                            "user_data": "aeb2cd744e1c1744c52528ee2e25ffa35f2cc4f9",
                            "volume_tags.%": "0",
                            "vpc_security_group_ids.#": "1",
                            "vpc_security_group_ids.3582271853": "sg-0ce57144b39df7c64"
                        },
                        "meta": {
                            "e2bfb730-ecaa-11e6-8f88-34363bc7c4c0": {
                                "create": 600000000000,
                                "delete": 1200000000000,
                                "update": 600000000000
                            },
                            "schema_version": "1"
                        },
                        "tainted": false
                    },
                    "deposed": [],
                    "provider": "provider.aws"
                },
                "data.aws_ami.server_ami": {
                    "type": "aws_ami",
                    "depends_on": [],
                    "primary": {
                        "id": "ami-01e24be29428c15b2",
                        "attributes": {
                            "architecture": "x86_64",
                            "block_device_mappings.#": "1",
                            "block_device_mappings.340275815.device_name": "/dev/xvda",
                            "block_device_mappings.340275815.ebs.%": "6",
                            "block_device_mappings.340275815.ebs.delete_on_termination": "true",
                            "block_device_mappings.340275815.ebs.encrypted": "false",
                            "block_device_mappings.340275815.ebs.iops": "0",
                            "block_device_mappings.340275815.ebs.snapshot_id": "snap-0af9c0b1d247238d6",
                            "block_device_mappings.340275815.ebs.volume_size": "8",
                            "block_device_mappings.340275815.ebs.volume_type": "gp2",
                            "block_device_mappings.340275815.no_device": "",
                            "block_device_mappings.340275815.virtual_name": "",
                            "creation_date": "2018-11-28T21:08:10.000Z",
                            "description": "Amazon Linux AMI 2018.03.0.20181129 x86_64 HVM gp2",
                            "filter.#": "2",
                            "filter.2898439165.name": "name",
                            "filter.2898439165.values.#": "1",
                            "filter.2898439165.values.0": "amzn-ami-hvm*-x86_64-gp2",
                            "filter.574890044.name": "owner-alias",
                            "filter.574890044.values.#": "1",
                            "filter.574890044.values.0": "amazon",
                            "hypervisor": "xen",
                            "id": "ami-01e24be29428c15b2",
                            "image_id": "ami-01e24be29428c15b2",
                            "image_location": "amazon/amzn-ami-hvm-2018.03.0.20181129-x86_64-gp2",
                            "image_owner_alias": "amazon",
                            "image_type": "machine",
                            "most_recent": "true",
                            "name": "amzn-ami-hvm-2018.03.0.20181129-x86_64-gp2",
                            "owner_id": "137112412989",
                            "owners.#": "1",
                            "owners.0": "amazon",
                            "product_codes.#": "0",
                            "public": "true",
                            "root_device_name": "/dev/xvda",
                            "root_device_type": "ebs",
                            "root_snapshot_id": "snap-0af9c0b1d247238d6",
                            "sriov_net_support": "simple",
                            "state": "available",
                            "state_reason.%": "2",
                            "state_reason.code": "UNSET",
                            "state_reason.message": "UNSET",
                            "tags.%": "0",
                            "virtualization_type": "hvm"
                        },
                        "meta": {},
                        "tainted": false
                    },
                    "deposed": [],
                    "provider": "provider.aws"
                },
                "data.template_file.user-init.0": {
                    "type": "template_file",
                    "depends_on": [],
                    "primary": {
                        "id": "3bc19cae83276f201aedeaa77369e05d541172ff23d761fc03c97e9ac22a2177",
                        "attributes": {
                            "id": "3bc19cae83276f201aedeaa77369e05d541172ff23d761fc03c97e9ac22a2177",
                            "rendered": "#! /bin/bash\nwget https://releases.hashicorp.com/vault-ssh-helper/0.1.4/vault-ssh-helper_0.1.4_linux_amd64.zip\n\n# Unzip the vault-ssh-helper in /user/local/bin\nsudo unzip -q vault-ssh-helper_0.1.4_linux_amd64.zip -d /usr/local/bin\n\n# Make sure that vault-ssh-helper is executable\nsudo chmod 0755 /usr/local/bin/vault-ssh-helper\n\n# Set the usr and group of vault-ssh-helper to root\nsudo chown root:root /usr/local/bin/vault-ssh-helper\n\ncat \u003c\u003cEOF \u003e/etc/vault-ssh-helper.d/config.hcl\nvault_addr = \"127.0.0.1:8200\"\nssh_mount_point = \"ssh\"\nca_cert = \"/etc/vault-ssh-helper.d/vault.crt\"\ntls_skip_verify = false\nallowed_roles = \"*\"\nEOF\n\ncat \u003c\u003c EOF \u003e/etc/pam.d/sshd\nauth requisite pam_exec.so quiet expose_authtok log=/tmp/vaultssh.log /usr/local/bin/vault-ssh-helper -dev -config=/etc/vault-ssh-helper.d/config.hcl\nauth optional pam_unix.so not_set_pass use_first_pass nodelay\nEOF\n\n\ncat \u003c\u003c EOF \u003e/etc/ssh/sshd_config\nChallengeResponseAuthentication yes\nPasswordAuthentication no\nUsePAM yes\nEOF\nsudo systemctl restart sshd\n",
                            "template": "#! /bin/bash\nwget https://releases.hashicorp.com/vault-ssh-helper/0.1.4/vault-ssh-helper_0.1.4_linux_amd64.zip\n\n# Unzip the vault-ssh-helper in /user/local/bin\nsudo unzip -q vault-ssh-helper_0.1.4_linux_amd64.zip -d /usr/local/bin\n\n# Make sure that vault-ssh-helper is executable\nsudo chmod 0755 /usr/local/bin/vault-ssh-helper\n\n# Set the usr and group of vault-ssh-helper to root\nsudo chown root:root /usr/local/bin/vault-ssh-helper\n\ncat \u003c\u003cEOF \u003e/etc/vault-ssh-helper.d/config.hcl\nvault_addr = \"127.0.0.1:8200\"\nssh_mount_point = \"ssh\"\nca_cert = \"/etc/vault-ssh-helper.d/vault.crt\"\ntls_skip_verify = false\nallowed_roles = \"*\"\nEOF\n\ncat \u003c\u003c EOF \u003e/etc/pam.d/sshd\nauth requisite pam_exec.so quiet expose_authtok log=/tmp/vaultssh.log /usr/local/bin/vault-ssh-helper -dev -config=/etc/vault-ssh-helper.d/config.hcl\nauth optional pam_unix.so not_set_pass use_first_pass nodelay\nEOF\n\n\ncat \u003c\u003c EOF \u003e/etc/ssh/sshd_config\nChallengeResponseAuthentication yes\nPasswordAuthentication no\nUsePAM yes\nEOF\nsudo systemctl restart sshd\n",
                            "vars.%": "1",
                            "vars.firewall_subnets": "10.123.1.0/24"
                        },
                        "meta": {},
                        "tainted": false
                    },
                    "deposed": [],
                    "provider": "provider.template"
                },
                "data.template_file.user-init.1": {
                    "type": "template_file",
                    "depends_on": [],
                    "primary": {
                        "id": "3bc19cae83276f201aedeaa77369e05d541172ff23d761fc03c97e9ac22a2177",
                        "attributes": {
                            "id": "3bc19cae83276f201aedeaa77369e05d541172ff23d761fc03c97e9ac22a2177",
                            "rendered": "#! /bin/bash\nwget https://releases.hashicorp.com/vault-ssh-helper/0.1.4/vault-ssh-helper_0.1.4_linux_amd64.zip\n\n# Unzip the vault-ssh-helper in /user/local/bin\nsudo unzip -q vault-ssh-helper_0.1.4_linux_amd64.zip -d /usr/local/bin\n\n# Make sure that vault-ssh-helper is executable\nsudo chmod 0755 /usr/local/bin/vault-ssh-helper\n\n# Set the usr and group of vault-ssh-helper to root\nsudo chown root:root /usr/local/bin/vault-ssh-helper\n\ncat \u003c\u003cEOF \u003e/etc/vault-ssh-helper.d/config.hcl\nvault_addr = \"127.0.0.1:8200\"\nssh_mount_point = \"ssh\"\nca_cert = \"/etc/vault-ssh-helper.d/vault.crt\"\ntls_skip_verify = false\nallowed_roles = \"*\"\nEOF\n\ncat \u003c\u003c EOF \u003e/etc/pam.d/sshd\nauth requisite pam_exec.so quiet expose_authtok log=/tmp/vaultssh.log /usr/local/bin/vault-ssh-helper -dev -config=/etc/vault-ssh-helper.d/config.hcl\nauth optional pam_unix.so not_set_pass use_first_pass nodelay\nEOF\n\n\ncat \u003c\u003c EOF \u003e/etc/ssh/sshd_config\nChallengeResponseAuthentication yes\nPasswordAuthentication no\nUsePAM yes\nEOF\nsudo systemctl restart sshd\n",
                            "template": "#! /bin/bash\nwget https://releases.hashicorp.com/vault-ssh-helper/0.1.4/vault-ssh-helper_0.1.4_linux_amd64.zip\n\n# Unzip the vault-ssh-helper in /user/local/bin\nsudo unzip -q vault-ssh-helper_0.1.4_linux_amd64.zip -d /usr/local/bin\n\n# Make sure that vault-ssh-helper is executable\nsudo chmod 0755 /usr/local/bin/vault-ssh-helper\n\n# Set the usr and group of vault-ssh-helper to root\nsudo chown root:root /usr/local/bin/vault-ssh-helper\n\ncat \u003c\u003cEOF \u003e/etc/vault-ssh-helper.d/config.hcl\nvault_addr = \"127.0.0.1:8200\"\nssh_mount_point = \"ssh\"\nca_cert = \"/etc/vault-ssh-helper.d/vault.crt\"\ntls_skip_verify = false\nallowed_roles = \"*\"\nEOF\n\ncat \u003c\u003c EOF \u003e/etc/pam.d/sshd\nauth requisite pam_exec.so quiet expose_authtok log=/tmp/vaultssh.log /usr/local/bin/vault-ssh-helper -dev -config=/etc/vault-ssh-helper.d/config.hcl\nauth optional pam_unix.so not_set_pass use_first_pass nodelay\nEOF\n\n\ncat \u003c\u003c EOF \u003e/etc/ssh/sshd_config\nChallengeResponseAuthentication yes\nPasswordAuthentication no\nUsePAM yes\nEOF\nsudo systemctl restart sshd\n",
                            "vars.%": "1",
                            "vars.firewall_subnets": "10.123.2.0/24"
                        },
                        "meta": {},
                        "tainted": false
                    },
                    "deposed": [],
                    "provider": "provider.template"
                }
            },
            "depends_on": []
        },
        {
            "path": [
                "root",
                "networking"
            ],
            "outputs": {
                "public_sg": {
                    "sensitive": false,
                    "type": "string",
                    "value": "sg-0ce57144b39df7c64"
                },
                "public_subnets": {
                    "sensitive": false,
                    "type": "list",
                    "value": [
                        "subnet-018c26a63b55c7308",
                        "subnet-02705b5b0460df22a"
                    ]
                },
                "subnet_ips": {
                    "sensitive": false,
                    "type": "list",
                    "value": [
                        "10.123.1.0/24",
                        "10.123.2.0/24"
                    ]
                }
            },
            "resources": {
                "aws_default_route_table.tf_private_rt": {
                    "type": "aws_default_route_table",
                    "depends_on": [
                        "aws_vpc.tf_vpc"
                    ],
                    "primary": {
                        "id": "rtb-00c7c4ce2ac18f3fd",
                        "attributes": {
                            "default_route_table_id": "rtb-00c7c4ce2ac18f3fd",
                            "id": "rtb-00c7c4ce2ac18f3fd",
                            "owner_id": "753646501470",
                            "propagating_vgws.#": "0",
                            "route.#": "0",
                            "tags.%": "1",
                            "tags.Name": "Dohoney_Private_Route_Table",
                            "vpc_id": "vpc-0fc2969c9a3868e90"
                        },
                        "meta": {},
                        "tainted": false
                    },
                    "deposed": [],
                    "provider": "provider.aws"
                },
                "aws_internet_gateway.tf_igw": {
                    "type": "aws_internet_gateway",
                    "depends_on": [
                        "aws_vpc.tf_vpc"
                    ],
                    "primary": {
                        "id": "igw-007a033c63b3bbafc",
                        "attributes": {
                            "id": "igw-007a033c63b3bbafc",
                            "owner_id": "753646501470",
                            "tags.%": "1",
                            "tags.Name": "tf_gateway",
                            "vpc_id": "vpc-0fc2969c9a3868e90"
                        },
                        "meta": {},
                        "tainted": false
                    },
                    "deposed": [],
                    "provider": "provider.aws"
                },
                "aws_route_table.tf_public_rt": {
                    "type": "aws_route_table",
                    "depends_on": [
                        "aws_internet_gateway.tf_igw",
                        "aws_vpc.tf_vpc"
                    ],
                    "primary": {
                        "id": "rtb-05345a74de7a8c3d8",
                        "attributes": {
                            "id": "rtb-05345a74de7a8c3d8",
                            "owner_id": "753646501470",
                            "propagating_vgws.#": "0",
                            "route.#": "1",
                            "route.1746055654.cidr_block": "0.0.0.0/0",
                            "route.1746055654.egress_only_gateway_id": "",
                            "route.1746055654.gateway_id": "igw-007a033c63b3bbafc",
                            "route.1746055654.instance_id": "",
                            "route.1746055654.ipv6_cidr_block": "",
                            "route.1746055654.nat_gateway_id": "",
                            "route.1746055654.network_interface_id": "",
                            "route.1746055654.transit_gateway_id": "",
                            "route.1746055654.vpc_peering_connection_id": "",
                            "tags.%": "1",
                            "tags.Name": "Dohoney_route_public",
                            "vpc_id": "vpc-0fc2969c9a3868e90"
                        },
                        "meta": {},
                        "tainted": false
                    },
                    "deposed": [],
                    "provider": "provider.aws"
                },
                "aws_route_table_association.tf_public_assoc.0": {
                    "type": "aws_route_table_association",
                    "depends_on": [
                        "aws_route_table.tf_public_rt",
                        "aws_subnet.tf_public_subnet",
                        "aws_subnet.tf_public_subnet.*"
                    ],
                    "primary": {
                        "id": "rtbassoc-0e0bc62d225b221a1",
                        "attributes": {
                            "id": "rtbassoc-0e0bc62d225b221a1",
                            "route_table_id": "rtb-05345a74de7a8c3d8",
                            "subnet_id": "subnet-018c26a63b55c7308"
                        },
                        "meta": {},
                        "tainted": false
                    },
                    "deposed": [],
                    "provider": "provider.aws"
                },
                "aws_route_table_association.tf_public_assoc.1": {
                    "type": "aws_route_table_association",
                    "depends_on": [
                        "aws_route_table.tf_public_rt",
                        "aws_subnet.tf_public_subnet",
                        "aws_subnet.tf_public_subnet.*"
                    ],
                    "primary": {
                        "id": "rtbassoc-019c54d295428ffea",
                        "attributes": {
                            "id": "rtbassoc-019c54d295428ffea",
                            "route_table_id": "rtb-05345a74de7a8c3d8",
                            "subnet_id": "subnet-02705b5b0460df22a"
                        },
                        "meta": {},
                        "tainted": false
                    },
                    "deposed": [],
                    "provider": "provider.aws"
                },
                "aws_security_group.tf_public_sg": {
                    "type": "aws_security_group",
                    "depends_on": [
                        "aws_vpc.tf_vpc"
                    ],
                    "primary": {
                        "id": "sg-0ce57144b39df7c64",
                        "attributes": {
                            "arn": "arn:aws:ec2:us-west-2:753646501470:security-group/sg-0ce57144b39df7c64",
                            "description": "PUBLIC SG",
                            "egress.#": "1",
                            "egress.482069346.cidr_blocks.#": "1",
                            "egress.482069346.cidr_blocks.0": "0.0.0.0/0",
                            "egress.482069346.description": "",
                            "egress.482069346.from_port": "0",
                            "egress.482069346.ipv6_cidr_blocks.#": "0",
                            "egress.482069346.prefix_list_ids.#": "0",
                            "egress.482069346.protocol": "-1",
                            "egress.482069346.security_groups.#": "0",
                            "egress.482069346.self": "false",
                            "egress.482069346.to_port": "0",
                            "id": "sg-0ce57144b39df7c64",
                            "ingress.#": "2",
                            "ingress.2214680975.cidr_blocks.#": "1",
                            "ingress.2214680975.cidr_blocks.0": "0.0.0.0/0",
                            "ingress.2214680975.description": "",
                            "ingress.2214680975.from_port": "80",
                            "ingress.2214680975.ipv6_cidr_blocks.#": "0",
                            "ingress.2214680975.prefix_list_ids.#": "0",
                            "ingress.2214680975.protocol": "tcp",
                            "ingress.2214680975.security_groups.#": "0",
                            "ingress.2214680975.self": "false",
                            "ingress.2214680975.to_port": "80",
                            "ingress.2541437006.cidr_blocks.#": "1",
                            "ingress.2541437006.cidr_blocks.0": "0.0.0.0/0",
                            "ingress.2541437006.description": "",
                            "ingress.2541437006.from_port": "22",
                            "ingress.2541437006.ipv6_cidr_blocks.#": "0",
                            "ingress.2541437006.prefix_list_ids.#": "0",
                            "ingress.2541437006.protocol": "tcp",
                            "ingress.2541437006.security_groups.#": "0",
                            "ingress.2541437006.self": "false",
                            "ingress.2541437006.to_port": "22",
                            "name": "tf_public_sg",
                            "owner_id": "753646501470",
                            "revoke_rules_on_delete": "false",
                            "tags.%": "0",
                            "vpc_id": "vpc-0fc2969c9a3868e90"
                        },
                        "meta": {
                            "e2bfb730-ecaa-11e6-8f88-34363bc7c4c0": {
                                "create": 600000000000,
                                "delete": 600000000000
                            },
                            "schema_version": "1"
                        },
                        "tainted": false
                    },
                    "deposed": [],
                    "provider": "provider.aws"
                },
                "aws_subnet.tf_public_subnet.0": {
                    "type": "aws_subnet",
                    "depends_on": [
                        "aws_vpc.tf_vpc",
                        "data.aws_availability_zones.available"
                    ],
                    "primary": {
                        "id": "subnet-018c26a63b55c7308",
                        "attributes": {
                            "arn": "arn:aws:ec2:us-west-2:753646501470:subnet/subnet-018c26a63b55c7308",
                            "assign_ipv6_address_on_creation": "false",
                            "availability_zone": "us-west-2a",
                            "availability_zone_id": "usw2-az1",
                            "cidr_block": "10.123.1.0/24",
                            "id": "subnet-018c26a63b55c7308",
                            "ipv6_cidr_block": "",
                            "ipv6_cidr_block_association_id": "",
                            "map_public_ip_on_launch": "true",
                            "owner_id": "753646501470",
                            "tags.%": "1",
                            "tags.Name": "tf_public_1",
                            "vpc_id": "vpc-0fc2969c9a3868e90"
                        },
                        "meta": {
                            "e2bfb730-ecaa-11e6-8f88-34363bc7c4c0": {
                                "create": 600000000000,
                                "delete": 600000000000
                            },
                            "schema_version": "1"
                        },
                        "tainted": false
                    },
                    "deposed": [],
                    "provider": "provider.aws"
                },
                "aws_subnet.tf_public_subnet.1": {
                    "type": "aws_subnet",
                    "depends_on": [
                        "aws_vpc.tf_vpc",
                        "data.aws_availability_zones.available"
                    ],
                    "primary": {
                        "id": "subnet-02705b5b0460df22a",
                        "attributes": {
                            "arn": "arn:aws:ec2:us-west-2:753646501470:subnet/subnet-02705b5b0460df22a",
                            "assign_ipv6_address_on_creation": "false",
                            "availability_zone": "us-west-2b",
                            "availability_zone_id": "usw2-az2",
                            "cidr_block": "10.123.2.0/24",
                            "id": "subnet-02705b5b0460df22a",
                            "ipv6_cidr_block": "",
                            "ipv6_cidr_block_association_id": "",
                            "map_public_ip_on_launch": "true",
                            "owner_id": "753646501470",
                            "tags.%": "1",
                            "tags.Name": "tf_public_2",
                            "vpc_id": "vpc-0fc2969c9a3868e90"
                        },
                        "meta": {
                            "e2bfb730-ecaa-11e6-8f88-34363bc7c4c0": {
                                "create": 600000000000,
                                "delete": 600000000000
                            },
                            "schema_version": "1"
                        },
                        "tainted": false
                    },
                    "deposed": [],
                    "provider": "provider.aws"
                },
                "aws_vpc.tf_vpc": {
                    "type": "aws_vpc",
                    "depends_on": [],
                    "primary": {
                        "id": "vpc-0fc2969c9a3868e90",
                        "attributes": {
                            "arn": "arn:aws:ec2:us-west-2:753646501470:vpc/vpc-0fc2969c9a3868e90",
                            "assign_generated_ipv6_cidr_block": "false",
                            "cidr_block": "10.123.0.0/16",
                            "default_network_acl_id": "acl-06330d6667c9c0046",
                            "default_route_table_id": "rtb-00c7c4ce2ac18f3fd",
                            "default_security_group_id": "sg-0fc3f8b31f85a2491",
                            "dhcp_options_id": "dopt-11683568",
                            "enable_classiclink": "false",
                            "enable_classiclink_dns_support": "false",
                            "enable_dns_hostnames": "true",
                            "enable_dns_support": "true",
                            "id": "vpc-0fc2969c9a3868e90",
                            "instance_tenancy": "default",
                            "ipv6_association_id": "",
                            "ipv6_cidr_block": "",
                            "main_route_table_id": "rtb-00c7c4ce2ac18f3fd",
                            "owner_id": "753646501470",
                            "tags.%": "1",
                            "tags.Name": "VPC_john_dohoney"
                        },
                        "meta": {
                            "schema_version": "1"
                        },
                        "tainted": false
                    },
                    "deposed": [],
                    "provider": "provider.aws"
                },
                "data.aws_availability_zones.available": {
                    "type": "aws_availability_zones",
                    "depends_on": [],
                    "primary": {
                        "id": "2019-04-02 02:28:49.728982 +0000 UTC",
                        "attributes": {
                            "id": "2019-04-02 02:28:49.728982 +0000 UTC",
                            "names.#": "4",
                            "names.0": "us-west-2a",
                            "names.1": "us-west-2b",
                            "names.2": "us-west-2c",
                            "names.3": "us-west-2d",
                            "zone_ids.#": "4",
                            "zone_ids.0": "usw2-az1",
                            "zone_ids.1": "usw2-az2",
                            "zone_ids.2": "usw2-az3",
                            "zone_ids.3": "usw2-az4"
                        },
                        "meta": {},
                        "tainted": false
                    },
                    "deposed": [],
                    "provider": "provider.aws"
                }
            },
            "depends_on": []
        }
    ]
}
